Microsoft Visual Studio Solution File, Format Version 12.00
# Visual Studio Version 17
VisualStudioVersion = 17.5.2.0
MinimumVisualStudioVersion = 10.0.40219.1
Project("{FAE04EC0-301F-11D3-BF4B-00C04F79EFBC}") = "TemplateMethod", "TemplateMethod.csproj", "{FE5F945A-63A5-4C56-3B17-1DC157738935}"
EndProject
Global
	GlobalSection(SolutionConfigurationPlatforms) = preSolution
		Debug|Any CPU = Debug|Any CPU
		Release|Any CPU = Release|Any CPU
	EndGlobalSection
	GlobalSection(ProjectConfigurationPlatforms) = postSolution
		{FE5F945A-63A5-4C56-3B17-1DC157738935}.Debug|Any CPU.ActiveCfg = Debug|Any CPU
		{FE5F945A-63A5-4C56-3B17-1DC157738935}.Debug|Any CPU.Build.0 = Debug|Any CPU
		{FE5F945A-63A5-4C56-3B17-1DC157738935}.Release|Any CPU.ActiveCfg = Release|Any CPU
		{FE5F945A-63A5-4C56-3B17-1DC157738935}.Release|Any CPU.Build.0 = Release|Any CPU
	EndGlobalSection
	GlobalSection(SolutionProperties) = preSolution
		HideSolutionNode = FALSE
	EndGlobalSection
	GlobalSection(ExtensibilityGlobals) = postSolution
		SolutionGuid = {A6F2B6E9-59D8-4295-99EB-38A2ACF104D4}
	EndGlobalSection
EndGlobal
